// !$*UTF8*$!
{
	archiveVersion = 1;
	classes = {
	};
	objectVersion = 55;
	objects = {

/* Begin PBXBuildFile section */
		0E09B1D728AA2CAB00B6A6A5 /* GetMyToDo.swift in Sources */ = {isa = PBXBuildFile; fileRef = 0E09B1D628AA2CAB00B6A6A5 /* GetMyToDo.swift */; };
		0E19472D28A8E2C000C4DA41 /* HomeListCell.swift in Sources */ = {isa = PBXBuildFile; fileRef = 0E19472C28A8E2C000C4DA41 /* HomeListCell.swift */; };
		0E19473128A8E90500C4DA41 /* HomeDetilViewController.swift in Sources */ = {isa = PBXBuildFile; fileRef = 0E19473028A8E90500C4DA41 /* HomeDetilViewController.swift */; };
		0E34201A28A72B4500A0933E /* Header.swift in Sources */ = {isa = PBXBuildFile; fileRef = 0E34201928A72B4500A0933E /* Header.swift */; };
		0E34201C28A72BEB00A0933E /* TokenModel.swift in Sources */ = {isa = PBXBuildFile; fileRef = 0E34201B28A72BEB00A0933E /* TokenModel.swift */; };
		0E34201E28A7678300A0933E /* MainSignUpViewController.swift in Sources */ = {isa = PBXBuildFile; fileRef = 0E34201D28A7678300A0933E /* MainSignUpViewController.swift */; };
		0E792FBE289E0EAB008E3209 /* AppDelegate.swift in Sources */ = {isa = PBXBuildFile; fileRef = 0E792FBD289E0EAB008E3209 /* AppDelegate.swift */; };
		0E792FC0289E0EAB008E3209 /* SceneDelegate.swift in Sources */ = {isa = PBXBuildFile; fileRef = 0E792FBF289E0EAB008E3209 /* SceneDelegate.swift */; };
		0E792FC7289E0EAC008E3209 /* Assets.xcassets in Resources */ = {isa = PBXBuildFile; fileRef = 0E792FC6289E0EAC008E3209 /* Assets.xcassets */; };
		0E792FCA289E0EAC008E3209 /* LaunchScreen.storyboard in Resources */ = {isa = PBXBuildFile; fileRef = 0E792FC8289E0EAC008E3209 /* LaunchScreen.storyboard */; };
		0ED5068228A605FB00D73CFD /* MainTabBarController.swift in Sources */ = {isa = PBXBuildFile; fileRef = 0ED5068128A605FB00D73CFD /* MainTabBarController.swift */; };
		0ED5068428A6068700D73CFD /* PublicFeedViewController.swift in Sources */ = {isa = PBXBuildFile; fileRef = 0ED5068328A6068700D73CFD /* PublicFeedViewController.swift */; };
		0ED5068628A606E700D73CFD /* MainHomeViewController.swift in Sources */ = {isa = PBXBuildFile; fileRef = 0ED5068528A606E700D73CFD /* MainHomeViewController.swift */; };
		0ED5068828A6070400D73CFD /* UserViewController.swift in Sources */ = {isa = PBXBuildFile; fileRef = 0ED5068728A6070400D73CFD /* UserViewController.swift */; };
		0ED5068A28A6166200D73CFD /* MainLoginViewController.swift in Sources */ = {isa = PBXBuildFile; fileRef = 0ED5068928A6166200D73CFD /* MainLoginViewController.swift */; };
		0ED5068C28A6839C00D73CFD /* FirstViewController.swift in Sources */ = {isa = PBXBuildFile; fileRef = 0ED5068B28A6839C00D73CFD /* FirstViewController.swift */; };
		1A0DDEABB0FF8104A167410E /* Pods_remakeULIDDU.framework in Frameworks */ = {isa = PBXBuildFile; fileRef = 4C3A25C12F76FA4ACEA66DB2 /* Pods_remakeULIDDU.framework */; };
/* End PBXBuildFile section */

/* Begin PBXFileReference section */
		0E09B1D628AA2CAB00B6A6A5 /* GetMyToDo.swift */ = {isa = PBXFileReference; lastKnownFileType = sourcecode.swift; path = GetMyToDo.swift; sourceTree = "<group>"; };
		0E19472C28A8E2C000C4DA41 /* HomeListCell.swift */ = {isa = PBXFileReference; lastKnownFileType = sourcecode.swift; path = HomeListCell.swift; sourceTree = "<group>"; };
		0E19473028A8E90500C4DA41 /* HomeDetilViewController.swift */ = {isa = PBXFileReference; lastKnownFileType = sourcecode.swift; path = HomeDetilViewController.swift; sourceTree = "<group>"; };
		0E34201928A72B4500A0933E /* Header.swift */ = {isa = PBXFileReference; lastKnownFileType = sourcecode.swift; path = Header.swift; sourceTree = "<group>"; };
		0E34201B28A72BEB00A0933E /* TokenModel.swift */ = {isa = PBXFileReference; lastKnownFileType = sourcecode.swift; path = TokenModel.swift; sourceTree = "<group>"; };
		0E34201D28A7678300A0933E /* MainSignUpViewController.swift */ = {isa = PBXFileReference; lastKnownFileType = sourcecode.swift; path = MainSignUpViewController.swift; sourceTree = "<group>"; };
		0E792FBA289E0EAB008E3209 /* remakeULIDDU.app */ = {isa = PBXFileReference; explicitFileType = wrapper.application; includeInIndex = 0; path = remakeULIDDU.app; sourceTree = BUILT_PRODUCTS_DIR; };
		0E792FBD289E0EAB008E3209 /* AppDelegate.swift */ = {isa = PBXFileReference; lastKnownFileType = sourcecode.swift; path = AppDelegate.swift; sourceTree = "<group>"; };
		0E792FBF289E0EAB008E3209 /* SceneDelegate.swift */ = {isa = PBXFileReference; lastKnownFileType = sourcecode.swift; path = SceneDelegate.swift; sourceTree = "<group>"; };
		0E792FC6289E0EAC008E3209 /* Assets.xcassets */ = {isa = PBXFileReference; lastKnownFileType = folder.assetcatalog; path = Assets.xcassets; sourceTree = "<group>"; };
		0E792FC9289E0EAC008E3209 /* Base */ = {isa = PBXFileReference; lastKnownFileType = file.storyboard; name = Base; path = Base.lproj/LaunchScreen.storyboard; sourceTree = "<group>"; };
		0E792FCB289E0EAC008E3209 /* Info.plist */ = {isa = PBXFileReference; lastKnownFileType = text.plist.xml; path = Info.plist; sourceTree = "<group>"; };
		0ED5068128A605FB00D73CFD /* MainTabBarController.swift */ = {isa = PBXFileReference; lastKnownFileType = sourcecode.swift; path = MainTabBarController.swift; sourceTree = "<group>"; };
		0ED5068328A6068700D73CFD /* PublicFeedViewController.swift */ = {isa = PBXFileReference; lastKnownFileType = sourcecode.swift; path = PublicFeedViewController.swift; sourceTree = "<group>"; };
		0ED5068528A606E700D73CFD /* MainHomeViewController.swift */ = {isa = PBXFileReference; lastKnownFileType = sourcecode.swift; path = MainHomeViewController.swift; sourceTree = "<group>"; };
		0ED5068728A6070400D73CFD /* UserViewController.swift */ = {isa = PBXFileReference; lastKnownFileType = sourcecode.swift; path = UserViewController.swift; sourceTree = "<group>"; };
		0ED5068928A6166200D73CFD /* MainLoginViewController.swift */ = {isa = PBXFileReference; lastKnownFileType = sourcecode.swift; path = MainLoginViewController.swift; sourceTree = "<group>"; };
		0ED5068B28A6839C00D73CFD /* FirstViewController.swift */ = {isa = PBXFileReference; lastKnownFileType = sourcecode.swift; path = FirstViewController.swift; sourceTree = "<group>"; };
		4C3A25C12F76FA4ACEA66DB2 /* Pods_remakeULIDDU.framework */ = {isa = PBXFileReference; explicitFileType = wrapper.framework; includeInIndex = 0; path = Pods_remakeULIDDU.framework; sourceTree = BUILT_PRODUCTS_DIR; };
		5B1A348369854C67BA011660 /* Pods-remakeULIDDU.debug.xcconfig */ = {isa = PBXFileReference; includeInIndex = 1; lastKnownFileType = text.xcconfig; name = "Pods-remakeULIDDU.debug.xcconfig"; path = "Target Support Files/Pods-remakeULIDDU/Pods-remakeULIDDU.debug.xcconfig"; sourceTree = "<group>"; };
		803BB65F43D5ADAF73593C35 /* Pods-remakeULIDDU.release.xcconfig */ = {isa = PBXFileReference; includeInIndex = 1; lastKnownFileType = text.xcconfig; name = "Pods-remakeULIDDU.release.xcconfig"; path = "Target Support Files/Pods-remakeULIDDU/Pods-remakeULIDDU.release.xcconfig"; sourceTree = "<group>"; };
/* End PBXFileReference section */

/* Begin PBXFrameworksBuildPhase section */
		0E792FB7289E0EAB008E3209 /* Frameworks */ = {
			isa = PBXFrameworksBuildPhase;
			buildActionMask = 2147483647;
			files = (
				1A0DDEABB0FF8104A167410E /* Pods_remakeULIDDU.framework in Frameworks */,
			);
			runOnlyForDeploymentPostprocessing = 0;
		};
/* End PBXFrameworksBuildPhase section */

/* Begin PBXGroup section */
		0B326C2B5A002BA24819FDE5 /* Pods */ = {
			isa = PBXGroup;
			children = (
				5B1A348369854C67BA011660 /* Pods-remakeULIDDU.debug.xcconfig */,
				803BB65F43D5ADAF73593C35 /* Pods-remakeULIDDU.release.xcconfig */,
			);
			path = Pods;
			sourceTree = "<group>";
		};
		0E09B1F128ABBD6600B6A6A5 /* userToDoList */ = {
			isa = PBXGroup;
			children = (
				0ED5068728A6070400D73CFD /* UserViewController.swift */,
			);
			path = userToDoList;
			sourceTree = "<group>";
		};
		0E19473228A8F1C300C4DA41 /* MainHome */ = {
			isa = PBXGroup;
			children = (
				0ED5068528A606E700D73CFD /* MainHomeViewController.swift */,
				0E19473028A8E90500C4DA41 /* HomeDetilViewController.swift */,
				0E19472C28A8E2C000C4DA41 /* HomeListCell.swift */,
				0E09B1D628AA2CAB00B6A6A5 /* GetMyToDo.swift */,
				0E09B1F128ABBD6600B6A6A5 /* userToDoList */,
			);
			path = MainHome;
			sourceTree = "<group>";
		};
		0E34201F28A798EC00A0933E /* MianView */ = {
			isa = PBXGroup;
			children = (
				0ED5068128A605FB00D73CFD /* MainTabBarController.swift */,
				0E34202128A7994F00A0933E /* tapBars */,
			);
			path = MianView;
			sourceTree = "<group>";
		};
		0E34202028A7992300A0933E /* startView */ = {
			isa = PBXGroup;
			children = (
				0ED5068B28A6839C00D73CFD /* FirstViewController.swift */,
				0ED5068928A6166200D73CFD /* MainLoginViewController.swift */,
				0E34201D28A7678300A0933E /* MainSignUpViewController.swift */,
			);
			path = startView;
			sourceTree = "<group>";
		};
		0E34202128A7994F00A0933E /* tapBars */ = {
			isa = PBXGroup;
			children = (
				0ED5068328A6068700D73CFD /* PublicFeedViewController.swift */,
				0E19473228A8F1C300C4DA41 /* MainHome */,
			);
			path = tapBars;
			sourceTree = "<group>";
		};
		0E34202228A7997100A0933E /* Headers */ = {
			isa = PBXGroup;
			children = (
				0E34201928A72B4500A0933E /* Header.swift */,
				0E34201B28A72BEB00A0933E /* TokenModel.swift */,
			);
			path = Headers;
			sourceTree = "<group>";
		};
		0E34202328A7999800A0933E /* VC */ = {
			isa = PBXGroup;
			children = (
				0E792FBD289E0EAB008E3209 /* AppDelegate.swift */,
				0E792FBF289E0EAB008E3209 /* SceneDelegate.swift */,
				0E792FC6289E0EAC008E3209 /* Assets.xcassets */,
				0E792FC8289E0EAC008E3209 /* LaunchScreen.storyboard */,
			);
			path = VC;
			sourceTree = "<group>";
		};
		0E792FB1289E0EAB008E3209 = {
			isa = PBXGroup;
			children = (
				0E792FBC289E0EAB008E3209 /* remakeULIDDU */,
				0E792FBB289E0EAB008E3209 /* Products */,
				0B326C2B5A002BA24819FDE5 /* Pods */,
				7A58C32DAF8D45C4E20CA42B /* Frameworks */,
			);
			sourceTree = "<group>";
		};
		0E792FBB289E0EAB008E3209 /* Products */ = {
			isa = PBXGroup;
			children = (
				0E792FBA289E0EAB008E3209 /* remakeULIDDU.app */,
			);
			name = Products;
			sourceTree = "<group>";
		};
		0E792FBC289E0EAB008E3209 /* remakeULIDDU */ = {
			isa = PBXGroup;
			children = (
				0E34202028A7992300A0933E /* startView */,
				0E34201F28A798EC00A0933E /* MianView */,
				0E34202228A7997100A0933E /* Headers */,
				0E34202328A7999800A0933E /* VC */,
				0E792FCB289E0EAC008E3209 /* Info.plist */,
			);
			path = remakeULIDDU;
			sourceTree = "<group>";
		};
		7A58C32DAF8D45C4E20CA42B /* Frameworks */ = {
			isa = PBXGroup;
			children = (
				4C3A25C12F76FA4ACEA66DB2 /* Pods_remakeULIDDU.framework */,
			);
			name = Frameworks;
			sourceTree = "<group>";
		};
/* End PBXGroup section */

/* Begin PBXNativeTarget section */
		0E792FB9289E0EAB008E3209 /* remakeULIDDU */ = {
			isa = PBXNativeTarget;
			buildConfigurationList = 0E792FCE289E0EAC008E3209 /* Build configuration list for PBXNativeTarget "remakeULIDDU" */;
			buildPhases = (
				4E3D5A52C2A41CECBFCA70E6 /* [CP] Check Pods Manifest.lock */,
				0E792FB6289E0EAB008E3209 /* Sources */,
				0E792FB7289E0EAB008E3209 /* Frameworks */,
				0E792FB8289E0EAB008E3209 /* Resources */,
				6B07BE8EBC5F6ED28024AB95 /* [CP] Embed Pods Frameworks */,
			);
			buildRules = (
			);
			dependencies = (
			);
			name = remakeULIDDU;
			productName = remakeULIDDU;
			productReference = 0E792FBA289E0EAB008E3209 /* remakeULIDDU.app */;
			productType = "com.apple.product-type.application";
		};
/* End PBXNativeTarget section */

/* Begin PBXProject section */
		0E792FB2289E0EAB008E3209 /* Project object */ = {
			isa = PBXProject;
			attributes = {
				BuildIndependentTargetsInParallel = 1;
				LastSwiftUpdateCheck = 1340;
				LastUpgradeCheck = 1340;
				TargetAttributes = {
					0E792FB9289E0EAB008E3209 = {
						CreatedOnToolsVersion = 13.4.1;
					};
				};
			};
			buildConfigurationList = 0E792FB5289E0EAB008E3209 /* Build configuration list for PBXProject "remakeULIDDU" */;
			compatibilityVersion = "Xcode 13.0";
			developmentRegion = en;
			hasScannedForEncodings = 0;
			knownRegions = (
				en,
				Base,
			);
			mainGroup = 0E792FB1289E0EAB008E3209;
			productRefGroup = 0E792FBB289E0EAB008E3209 /* Products */;
			projectDirPath = "";
			projectRoot = "";
			targets = (
				0E792FB9289E0EAB008E3209 /* remakeULIDDU */,
			);
		};
/* End PBXProject section */

/* Begin PBXResourcesBuildPhase section */
		0E792FB8289E0EAB008E3209 /* Resources */ = {
			isa = PBXResourcesBuildPhase;
			buildActionMask = 2147483647;
			files = (
				0E792FCA289E0EAC008E3209 /* LaunchScreen.storyboard in Resources */,
				0E792FC7289E0EAC008E3209 /* Assets.xcassets in Resources */,
			);
			runOnlyForDeploymentPostprocessing = 0;
		};
/* End PBXResourcesBuildPhase section */

/* Begin PBXShellScriptBuildPhase section */
		4E3D5A52C2A41CECBFCA70E6 /* [CP] Check Pods Manifest.lock */ = {
			isa = PBXShellScriptBuildPhase;
			buildActionMask = 2147483647;
			files = (
			);
			inputFileListPaths = (
			);
			inputPaths = (
				"${PODS_PODFILE_DIR_PATH}/Podfile.lock",
				"${PODS_ROOT}/Manifest.lock",
			);
			name = "[CP] Check Pods Manifest.lock";
			outputFileListPaths = (
			);
			outputPaths = (
				"$(DERIVED_FILE_DIR)/Pods-remakeULIDDU-checkManifestLockResult.txt",
			);
			runOnlyForDeploymentPostprocessing = 0;
			shellPath = /bin/sh;
			shellScript = "diff \"${PODS_PODFILE_DIR_PATH}/Podfile.lock\" \"${PODS_ROOT}/Manifest.lock\" > /dev/null\nif [ $? != 0 ] ; then\n    # print error to STDERR\n    echo \"error: The sandbox is not in sync with the Podfile.lock. Run 'pod install' or update your CocoaPods installation.\" >&2\n    exit 1\nfi\n# This output is used by Xcode 'outputs' to avoid re-running this script phase.\necho \"SUCCESS\" > \"${SCRIPT_OUTPUT_FILE_0}\"\n";
			showEnvVarsInLog = 0;
		};
		6B07BE8EBC5F6ED28024AB95 /* [CP] Embed Pods Frameworks */ = {
			isa = PBXShellScriptBuildPhase;
			buildActionMask = 2147483647;
			files = (
			);
			inputFileListPaths = (
				"${PODS_ROOT}/Target Support Files/Pods-remakeULIDDU/Pods-remakeULIDDU-frameworks-${CONFIGURATION}-input-files.xcfilelist",
			);
			name = "[CP] Embed Pods Frameworks";
			outputFileListPaths = (
				"${PODS_ROOT}/Target Support Files/Pods-remakeULIDDU/Pods-remakeULIDDU-frameworks-${CONFIGURATION}-output-files.xcfilelist",
			);
			runOnlyForDeploymentPostprocessing = 0;
			shellPath = /bin/sh;
			shellScript = "\"${PODS_ROOT}/Target Support Files/Pods-remakeULIDDU/Pods-remakeULIDDU-frameworks.sh\"\n";
			showEnvVarsInLog = 0;
		};
/* End PBXShellScriptBuildPhase section */

/* Begin PBXSourcesBuildPhase section */
		0E792FB6289E0EAB008E3209 /* Sources */ = {
			isa = PBXSourcesBuildPhase;
			buildActionMask = 2147483647;
			files = (
				0E792FBE289E0EAB008E3209 /* AppDelegate.swift in Sources */,
				0E34201A28A72B4500A0933E /* Header.swift in Sources */,
				0ED5068828A6070400D73CFD /* UserViewController.swift in Sources */,
				0E34201C28A72BEB00A0933E /* TokenModel.swift in Sources */,
				0E19472D28A8E2C000C4DA41 /* HomeListCell.swift in Sources */,
				0ED5068628A606E700D73CFD /* MainHomeViewController.swift in Sources */,
				0ED5068C28A6839C00D73CFD /* FirstViewController.swift in Sources */,
				0E792FC0289E0EAB008E3209 /* SceneDelegate.swift in Sources */,
				0ED5068228A605FB00D73CFD /* MainTabBarController.swift in Sources */,
				0E09B1D728AA2CAB00B6A6A5 /* GetMyToDo.swift in Sources */,
				0E19473128A8E90500C4DA41 /* HomeDetilViewController.swift in Sources */,
				0E34201E28A7678300A0933E /* MainSignUpViewController.swift in Sources */,
				0ED5068A28A6166200D73CFD /* MainLoginViewController.swift in Sources */,
				0ED5068428A6068700D73CFD /* PublicFeedViewController.swift in Sources */,
			);
			runOnlyForDeploymentPostprocessing = 0;
		};
/* End PBXSourcesBuildPhase section */

/* Begin PBXVariantGroup section */
		0E792FC8289E0EAC008E3209 /* LaunchScreen.storyboard */ = {
			isa = PBXVariantGroup;
			children = (
				0E792FC9289E0EAC008E3209 /* Base */,
			);
			name = LaunchScreen.storyboard;
			sourceTree = "<group>";
		};
/* End PBXVariantGroup section */

/* Begin XCBuildConfiguration section */
		0E792FCC289E0EAC008E3209 /* Debug */ = {
			isa = XCBuildConfiguration;
			buildSettings = {
				ALWAYS_SEARCH_USER_PATHS = NO;
				CLANG_ANALYZER_NONNULL = YES;
				CLANG_ANALYZER_NUMBER_OBJECT_CONVERSION = YES_AGGRESSIVE;
				CLANG_CXX_LANGUAGE_STANDARD = "gnu++17";
				CLANG_ENABLE_MODULES = YES;
				CLANG_ENABLE_OBJC_ARC = YES;
				CLANG_ENABLE_OBJC_WEAK = YES;
				CLANG_WARN_BLOCK_CAPTURE_AUTORELEASING = YES;
				CLANG_WARN_BOOL_CONVERSION = YES;
				CLANG_WARN_COMMA = YES;
				CLANG_WARN_CONSTANT_CONVERSION = YES;
				CLANG_WARN_DEPRECATED_OBJC_IMPLEMENTATIONS = YES;
				CLANG_WARN_DIRECT_OBJC_ISA_USAGE = YES_ERROR;
				CLANG_WARN_DOCUMENTATION_COMMENTS = YES;
				CLANG_WARN_EMPTY_BODY = YES;
				CLANG_WARN_ENUM_CONVERSION = YES;
				CLANG_WARN_INFINITE_RECURSION = YES;
				CLANG_WARN_INT_CONVERSION = YES;
				CLANG_WARN_NON_LITERAL_NULL_CONVERSION = YES;
				CLANG_WARN_OBJC_IMPLICIT_RETAIN_SELF = YES;
				CLANG_WARN_OBJC_LITERAL_CONVERSION = YES;
				CLANG_WARN_OBJC_ROOT_CLASS = YES_ERROR;
				CLANG_WARN_QUOTED_INCLUDE_IN_FRAMEWORK_HEADER = YES;
				CLANG_WARN_RANGE_LOOP_ANALYSIS = YES;
				CLANG_WARN_STRICT_PROTOTYPES = YES;
				CLANG_WARN_SUSPICIOUS_MOVE = YES;
				CLANG_WARN_UNGUARDED_AVAILABILITY = YES_AGGRESSIVE;
				CLANG_WARN_UNREACHABLE_CODE = YES;
				CLANG_WARN__DUPLICATE_METHOD_MATCH = YES;
				COPY_PHASE_STRIP = NO;
				DEBUG_INFORMATION_FORMAT = dwarf;
				ENABLE_STRICT_OBJC_MSGSEND = YES;
				ENABLE_TESTABILITY = YES;
				GCC_C_LANGUAGE_STANDARD = gnu11;
				GCC_DYNAMIC_NO_PIC = NO;
				GCC_NO_COMMON_BLOCKS = YES;
				GCC_OPTIMIZATION_LEVEL = 0;
				GCC_PREPROCESSOR_DEFINITIONS = (
					"DEBUG=1",
					"$(inherited)",
				);
				GCC_WARN_64_TO_32_BIT_CONVERSION = YES;
				GCC_WARN_ABOUT_RETURN_TYPE = YES_ERROR;
				GCC_WARN_UNDECLARED_SELECTOR = YES;
				GCC_WARN_UNINITIALIZED_AUTOS = YES_AGGRESSIVE;
				GCC_WARN_UNUSED_FUNCTION = YES;
				GCC_WARN_UNUSED_VARIABLE = YES;
				IPHONEOS_DEPLOYMENT_TARGET = 15.5;
				MTL_ENABLE_DEBUG_INFO = INCLUDE_SOURCE;
				MTL_FAST_MATH = YES;
				ONLY_ACTIVE_ARCH = YES;
				SDKROOT = iphoneos;
				SWIFT_ACTIVE_COMPILATION_CONDITIONS = DEBUG;
				SWIFT_OPTIMIZATION_LEVEL = "-Onone";
			};
			name = Debug;
		};
		0E792FCD289E0EAC008E3209 /* Release */ = {
			isa = XCBuildConfiguration;
			buildSettings = {
				ALWAYS_SEARCH_USER_PATHS = NO;
				CLANG_ANALYZER_NONNULL = YES;
				CLANG_ANALYZER_NUMBER_OBJECT_CONVERSION = YES_AGGRESSIVE;
				CLANG_CXX_LANGUAGE_STANDARD = "gnu++17";
				CLANG_ENABLE_MODULES = YES;
				CLANG_ENABLE_OBJC_ARC = YES;
				CLANG_ENABLE_OBJC_WEAK = YES;
				CLANG_WARN_BLOCK_CAPTURE_AUTORELEASING = YES;
				CLANG_WARN_BOOL_CONVERSION = YES;
				CLANG_WARN_COMMA = YES;
				CLANG_WARN_CONSTANT_CONVERSION = YES;
				CLANG_WARN_DEPRECATED_OBJC_IMPLEMENTATIONS = YES;
				CLANG_WARN_DIRECT_OBJC_ISA_USAGE = YES_ERROR;
				CLANG_WARN_DOCUMENTATION_COMMENTS = YES;
				CLANG_WARN_EMPTY_BODY = YES;
				CLANG_WARN_ENUM_CONVERSION = YES;
				CLANG_WARN_INFINITE_RECURSION = YES;
				CLANG_WARN_INT_CONVERSION = YES;
				CLANG_WARN_NON_LITERAL_NULL_CONVERSION = YES;
				CLANG_WARN_OBJC_IMPLICIT_RETAIN_SELF = YES;
				CLANG_WARN_OBJC_LITERAL_CONVERSION = YES;
				CLANG_WARN_OBJC_ROOT_CLASS = YES_ERROR;
				CLANG_WARN_QUOTED_INCLUDE_IN_FRAMEWORK_HEADER = YES;
				CLANG_WARN_RANGE_LOOP_ANALYSIS = YES;
				CLANG_WARN_STRICT_PROTOTYPES = YES;
				CLANG_WARN_SUSPICIOUS_MOVE = YES;
				CLANG_WARN_UNGUARDED_AVAILABILITY = YES_AGGRESSIVE;
				CLANG_WARN_UNREACHABLE_CODE = YES;
				CLANG_WARN__DUPLICATE_METHOD_MATCH = YES;
				COPY_PHASE_STRIP = NO;
				DEBUG_INFORMATION_FORMAT = "dwarf-with-dsym";
				ENABLE_NS_ASSERTIONS = NO;
				ENABLE_STRICT_OBJC_MSGSEND = YES;
				GCC_C_LANGUAGE_STANDARD = gnu11;
				GCC_NO_COMMON_BLOCKS = YES;
				GCC_WARN_64_TO_32_BIT_CONVERSION = YES;
				GCC_WARN_ABOUT_RETURN_TYPE = YES_ERROR;
				GCC_WARN_UNDECLARED_SELECTOR = YES;
				GCC_WARN_UNINITIALIZED_AUTOS = YES_AGGRESSIVE;
				GCC_WARN_UNUSED_FUNCTION = YES;
				GCC_WARN_UNUSED_VARIABLE = YES;
				IPHONEOS_DEPLOYMENT_TARGET = 15.5;
				MTL_ENABLE_DEBUG_INFO = NO;
				MTL_FAST_MATH = YES;
				SDKROOT = iphoneos;
				SWIFT_COMPILATION_MODE = wholemodule;
				SWIFT_OPTIMIZATION_LEVEL = "-O";
				VALIDATE_PRODUCT = YES;
			};
			name = Release;
		};
		0E792FCF289E0EAC008E3209 /* Debug */ = {
			isa = XCBuildConfiguration;
			baseConfigurationReference = 5B1A348369854C67BA011660 /* Pods-remakeULIDDU.debug.xcconfig */;
			buildSettings = {
				ASSETCATALOG_COMPILER_APPICON_NAME = AppIcon;
				ASSETCATALOG_COMPILER_GLOBAL_ACCENT_COLOR_NAME = AccentColor;
				CODE_SIGN_STYLE = Automatic;
				CURRENT_PROJECT_VERSION = 1;
				GENERATE_INFOPLIST_FILE = YES;
				INFOPLIST_FILE = remakeULIDDU/Info.plist;
				INFOPLIST_KEY_UIApplicationSupportsIndirectInputEvents = YES;
				INFOPLIST_KEY_UILaunchStoryboardName = LaunchScreen;
				INFOPLIST_KEY_UISupportedInterfaceOrientations_iPad = "UIInterfaceOrientationPortrait UIInterfaceOrientationPortraitUpsideDown UIInterfaceOrientationLandscapeLeft UIInterfaceOrientationLandscapeRight";
				INFOPLIST_KEY_UISupportedInterfaceOrientations_iPhone = "UIInterfaceOrientationPortrait UIInterfaceOrientationLandscapeLeft UIInterfaceOrientationLandscapeRight";
				LD_RUNPATH_SEARCH_PATHS = (
					"$(inherited)",
					"@executable_path/Frameworks",
				);
				MARKETING_VERSION = 1.0;
				PRODUCT_BUNDLE_IDENTIFIER = com.remakeULIDDU;
				PRODUCT_NAME = "$(TARGET_NAME)";
				SWIFT_EMIT_LOC_STRINGS = YES;
				SWIFT_VERSION = 5.0;
				TARGETED_DEVICE_FAMILY = "1,2";
			};
			name = Debug;
		};
		0E792FD0289E0EAC008E3209 /* Release */ = {
			isa = XCBuildConfiguration;
			baseConfigurationReference = 803BB65F43D5ADAF73593C35 /* Pods-remakeULIDDU.release.xcconfig */;
			buildSettings = {
				ASSETCATALOG_COMPILER_APPICON_NAME = AppIcon;
				ASSETCATALOG_COMPILER_GLOBAL_ACCENT_COLOR_NAME = AccentColor;
				CODE_SIGN_STYLE = Automatic;
				CURRENT_PROJECT_VERSION = 1;
				GENERATE_INFOPLIST_FILE = YES;
				INFOPLIST_FILE = remakeULIDDU/Info.plist;
				INFOPLIST_KEY_UIApplicationSupportsIndirectInputEvents = YES;
				INFOPLIST_KEY_UILaunchStoryboardName = LaunchScreen;
				INFOPLIST_KEY_UISupportedInterfaceOrientations_iPad = "UIInterfaceOrientationPortrait UIInterfaceOrientationPortraitUpsideDown UIInterfaceOrientationLandscapeLeft UIInterfaceOrientationLandscapeRight";
				INFOPLIST_KEY_UISupportedInterfaceOrientations_iPhone = "UIInterfaceOrientationPortrait UIInterfaceOrientationLandscapeLeft UIInterfaceOrientationLandscapeRight";
				LD_RUNPATH_SEARCH_PATHS = (
					"$(inherited)",
					"@executable_path/Frameworks",
				);
				MARKETING_VERSION = 1.0;
				PRODUCT_BUNDLE_IDENTIFIER = com.remakeULIDDU;
				PRODUCT_NAME = "$(TARGET_NAME)";
				SWIFT_EMIT_LOC_STRINGS = YES;
				SWIFT_VERSION = 5.0;
				TARGETED_DEVICE_FAMILY = "1,2";
			};
			name = Release;
		};
/* End XCBuildConfiguration section */

/* Begin XCConfigurationList section */
		0E792FB5289E0EAB008E3209 /* Build configuration list for PBXProject "remakeULIDDU" */ = {
			isa = XCConfigurationList;
			buildConfigurations = (
				0E792FCC289E0EAC008E3209 /* Debug */,
				0E792FCD289E0EAC008E3209 /* Release */,
			);
			defaultConfigurationIsVisible = 0;
			defaultConfigurationName = Release;
		};
		0E792FCE289E0EAC008E3209 /* Build configuration list for PBXNativeTarget "remakeULIDDU" */ = {
			isa = XCConfigurationList;
			buildConfigurations = (
				0E792FCF289E0EAC008E3209 /* Debug */,
				0E792FD0289E0EAC008E3209 /* Release */,
			);
			defaultConfigurationIsVisible = 0;
			defaultConfigurationName = Release;
		};
/* End XCConfigurationList section */
	};
	rootObject = 0E792FB2289E0EAB008E3209 /* Project object */;
}
